
Microsoft Visual Studio Solution File, Format Version 12.00
# Visual Studio 15
VisualStudioVersion = 15.0.26124.0
MinimumVisualStudioVersion = 15.0.26124.0
Project("{9A19103F-16F7-4668-BE54-9A1E7A4F7556}") = "R5T.Veria.Megara.Standard.Construction", "R5T.Veria.Megara.Standard.Construction\R5T.Veria.Megara.Standard.Construction.csproj", "{59E00234-E49D-447E-BA4A-A937D9225C04}"
EndProject
Project("{9A19103F-16F7-4668-BE54-9A1E7A4F7556}") = "R5T.Veria.Megara.Standard", "R5T.Veria.Megara.Standard\R5T.Veria.Megara.Standard.csproj", "{F1F40B54-5AA2-4F0B-9B98-8FA9EAD523F8}"
EndProject
Project("{2150E333-8FDC-42A3-9474-1A3956D46DE8}") = "_Dependencies", "_Dependencies", "{D1DCC9D3-ACE9-4878-97E9-E308B13DB43D}"
EndProject
Project("{9A19103F-16F7-4668-BE54-9A1E7A4F7556}") = "R5T.Veria.Megara", "..\..\R5T.Veria.Megara\source\R5T.Veria.Megara\R5T.Veria.Megara.csproj", "{D2B5A3D5-7954-4253-A8D6-9095FA6A7371}"
EndProject
Project("{9A19103F-16F7-4668-BE54-9A1E7A4F7556}") = "R5T.Bath.Standard", "..\..\R5T.Bath.Standard\source\R5T.Bath.Standard\R5T.Bath.Standard.csproj", "{BFFEE782-29DE-44EE-A3F4-654A3B8CBB32}"
EndProject
Project("{9A19103F-16F7-4668-BE54-9A1E7A4F7556}") = "R5T.Bedford.Bath.Standard", "..\..\R5T.Bedford.Bath.Standard\source\R5T.Bedford.Bath.Standard\R5T.Bedford.Bath.Standard.csproj", "{328E1B64-6E0D-47D0-BA19-CA72BC738F9C}"
EndProject
Project("{9A19103F-16F7-4668-BE54-9A1E7A4F7556}") = "R5T.Vandalia.Bath.Standard", "..\..\R5T.Vandalia.Bath.Standard\source\R5T.Vandalia.Bath.Standard\R5T.Vandalia.Bath.Standard.csproj", "{D0B564D7-A3FD-4A72-A5E3-67F405CB7C62}"
EndProject
Project("{9A19103F-16F7-4668-BE54-9A1E7A4F7556}") = "R5T.Bath.Base", "..\..\R5T.Bath.Base\source\R5T.Bath.Base\R5T.Bath.Base.csproj", "{87B59E7D-53ED-4B04-B7CF-01824C53A762}"
EndProject
Project("{9A19103F-16F7-4668-BE54-9A1E7A4F7556}") = "R5T.Bedford.Base", "..\..\R5T.Bedford.Base\source\R5T.Bedford.Base\R5T.Bedford.Base.csproj", "{C31F63FC-4D10-4131-A2EC-E61B558625C7}"
EndProject
Project("{9A19103F-16F7-4668-BE54-9A1E7A4F7556}") = "R5T.Megara.Base", "..\..\R5T.Megara.Base\source\R5T.Megara.Base\R5T.Megara.Base.csproj", "{6385E21E-BEF3-4BCB-B6A6-9B7FB5640E49}"
EndProject
Project("{9A19103F-16F7-4668-BE54-9A1E7A4F7556}") = "R5T.Vandalia.Base", "..\..\R5T.Vandalia.Base\source\R5T.Vandalia.Base\R5T.Vandalia.Base.csproj", "{FF37FE6F-457F-4EA7-9483-2CD694FDB9DF}"
EndProject
Project("{9A19103F-16F7-4668-BE54-9A1E7A4F7556}") = "R5T.Veria.Base", "..\..\R5T.Veria.Base\source\R5T.Veria.Base\R5T.Veria.Base.csproj", "{50AB1F6A-FC2A-4334-9AEC-7555A28C57E4}"
EndProject
Project("{9A19103F-16F7-4668-BE54-9A1E7A4F7556}") = "R5T.Bath.File.Standard", "..\..\R5T.Bath.File.Standard\source\R5T.Bath.File.Standard\R5T.Bath.File.Standard.csproj", "{5267E5F3-13A7-47C1-9144-57212A41608D}"
EndProject
Project("{9A19103F-16F7-4668-BE54-9A1E7A4F7556}") = "R5T.Bath.File.Thessaloniki.Standard", "..\..\R5T.Bath.File.Thessaloniki.Standard\source\R5T.Bath.File.Thessaloniki.Standard\R5T.Bath.File.Thessaloniki.Standard.csproj", "{129BA531-4DD6-45EE-BFE9-CC98642E410B}"
EndProject
Project("{9A19103F-16F7-4668-BE54-9A1E7A4F7556}") = "R5T.Bath.File.Thessaloniki", "..\..\R5T.Bath.File.Thessaloniki\source\R5T.Bath.File.Thessaloniki\R5T.Bath.File.Thessaloniki.csproj", "{CE205E90-27F3-4453-9A2D-4222A57A9303}"
EndProject
Project("{9A19103F-16F7-4668-BE54-9A1E7A4F7556}") = "R5T.Bath.File.Default", "..\..\R5T.Bath.File.Default\source\R5T.Bath.File.Default\R5T.Bath.File.Default.csproj", "{54840E9D-E359-441F-9486-7C9420045252}"
EndProject
Project("{9A19103F-16F7-4668-BE54-9A1E7A4F7556}") = "R5T.Bath.File", "..\..\R5T.Bath.File\source\R5T.Bath.File\R5T.Bath.File.csproj", "{EE7FBC03-AF5E-4A3D-9606-179957E85089}"
EndProject
Project("{9A19103F-16F7-4668-BE54-9A1E7A4F7556}") = "R5T.Bath.Default", "..\..\R5T.Bath.Default\source\R5T.Bath.Default\R5T.Bath.Default.csproj", "{75ED3845-759B-4B0F-AC2F-C268F9AE3198}"
EndProject
Project("{9A19103F-16F7-4668-BE54-9A1E7A4F7556}") = "R5T.Lombardy.Base", "..\..\R5T.Lombardy.Base\source\R5T.Lombardy.Base\R5T.Lombardy.Base.csproj", "{D90DFC5D-3BDA-4775-9764-F60B23D5C376}"
EndProject
Project("{9A19103F-16F7-4668-BE54-9A1E7A4F7556}") = "R5T.Thessaloniki.Base", "..\..\R5T.Thessaloniki.Base\source\R5T.Thessaloniki.Base\R5T.Thessaloniki.Base.csproj", "{9E9D8229-A19A-401D-B56E-9D4C08B6F9EC}"
EndProject
Project("{9A19103F-16F7-4668-BE54-9A1E7A4F7556}") = "R5T.Dacia.Extensions", "..\..\R5T.Dacia.Extensions\source\R5T.Dacia.Extensions\R5T.Dacia.Extensions.csproj", "{526CC9CB-36E6-49C5-8D1E-4313E5E6BB69}"
EndProject
Project("{9A19103F-16F7-4668-BE54-9A1E7A4F7556}") = "R5T.Dacia", "..\..\R5T.Dacia\source\R5T.Dacia\R5T.Dacia.csproj", "{AA0D424C-5D49-4C2B-8B2D-38AF2D3EB0D0}"
EndProject
Project("{9A19103F-16F7-4668-BE54-9A1E7A4F7556}") = "R5T.Lombardy.Standard", "..\..\R5T.Lombardy.Standard\source\R5T.Lombardy.Standard\R5T.Lombardy.Standard.csproj", "{F286CF99-296B-43A6-8F3B-C1DAB5A2F0E2}"
EndProject
Project("{9A19103F-16F7-4668-BE54-9A1E7A4F7556}") = "R5T.Lombardy", "..\..\R5T.Lombardy\source\R5T.Lombardy\R5T.Lombardy.csproj", "{20B5FA65-4D7F-4D10-9AB3-0A815D0F8285}"
EndProject
Project("{9A19103F-16F7-4668-BE54-9A1E7A4F7556}") = "R5T.Cherusci", "..\..\R5T.Cherusci\source\R5T.Cherusci\R5T.Cherusci.csproj", "{5297DEEB-C314-4296-B612-3291C6746E46}"
EndProject
Project("{9A19103F-16F7-4668-BE54-9A1E7A4F7556}") = "R5T.Magyar", "..\..\R5T.Magyar\source\R5T.Magyar\R5T.Magyar.csproj", "{FB55C21E-4A29-4D90-90B3-B03F0AF7FD76}"
EndProject
Project("{9A19103F-16F7-4668-BE54-9A1E7A4F7556}") = "R5T.Rugia", "..\..\R5T.Rugia\source\R5T.Rugia\R5T.Rugia.csproj", "{AB6A6C0D-1D9D-40E3-9BA0-3E8EF7491669}"
EndProject
Project("{9A19103F-16F7-4668-BE54-9A1E7A4F7556}") = "R5T.Rugia.Base", "..\..\R5T.Rugia.Base\source\R5T.Rugia.Base\R5T.Rugia.Base.csproj", "{FEBF12A3-53C0-47D0-9797-9B29291285EA}"
EndProject
Project("{9A19103F-16F7-4668-BE54-9A1E7A4F7556}") = "R5T.Bedford.Bath", "..\..\R5T.Bedford.Bath\source\R5T.Bedford.Bath\R5T.Bedford.Bath.csproj", "{9BD87ECF-229F-4018-A467-9C7F83F8B914}"
EndProject
Project("{9A19103F-16F7-4668-BE54-9A1E7A4F7556}") = "R5T.Vandalia.Bath", "..\..\R5T.Vandalia.Bath\source\R5T.Vandalia.Bath\R5T.Vandalia.Bath.csproj", "{2EBA1C9B-6911-4366-929F-11103667D1CF}"
EndProject
Project("{9A19103F-16F7-4668-BE54-9A1E7A4F7556}") = "R5T.Thessaloniki.CDrive", "..\..\R5T.Thessaloniki.CDrive\source\R5T.Thessaloniki.CDrive\R5T.Thessaloniki.CDrive.csproj", "{22862C9C-F587-4297-B1E7-DBA95FA0C396}"
EndProject
Project("{9A19103F-16F7-4668-BE54-9A1E7A4F7556}") = "R5T.Copenhagen.Standard", "..\..\R5T.Copenhagen.Standard\source\R5T.Copenhagen.Standard\R5T.Copenhagen.Standard.csproj", "{FBAFD731-6025-4C8A-8E21-D3B54615ECDC}"
EndProject
Project("{9A19103F-16F7-4668-BE54-9A1E7A4F7556}") = "R5T.Canterbury.Standard", "..\..\R5T.Canterbury.Standard\source\R5T.Canterbury.Standard\R5T.Canterbury.Standard.csproj", "{2C9FA205-ADD3-4E55-964D-64D339FD67AF}"
EndProject
Project("{9A19103F-16F7-4668-BE54-9A1E7A4F7556}") = "R5T.Canterbury.Default", "..\..\R5T.Canterbury.Default\source\R5T.Canterbury.Default\R5T.Canterbury.Default.csproj", "{BE5CBBA1-0208-43ED-AF9D-E00F02B187A2}"
EndProject
Project("{9A19103F-16F7-4668-BE54-9A1E7A4F7556}") = "R5T.Canterbury.Base", "..\..\R5T.Canterbury.Base\source\R5T.Canterbury.Base\R5T.Canterbury.Base.csproj", "{F3D3760D-019C-4C9E-A54C-2D03D2D479A5}"
EndProject
Project("{9A19103F-16F7-4668-BE54-9A1E7A4F7556}") = "R5T.Copenhagen.Default", "..\..\R5T.Copenhagen.Default\source\R5T.Copenhagen.Default\R5T.Copenhagen.Default.csproj", "{8EDE456C-62C7-4476-902B-69A69ACBCA31}"
EndProject
Project("{9A19103F-16F7-4668-BE54-9A1E7A4F7556}") = "R5T.Copenhagen.Base", "..\..\R5T.Copenhagen.Base\source\R5T.Copenhagen.Base\R5T.Copenhagen.Base.csproj", "{B40E8F09-7D58-4ECD-B9A2-4E3300CAC278}"
EndProject
Project("{9A19103F-16F7-4668-BE54-9A1E7A4F7556}") = "R5T.Thessaloniki.Copenhagen", "..\..\R5T.Thessaloniki.Copenhagen\source\R5T.Thessaloniki.Copenhagen\R5T.Thessaloniki.Copenhagen.csproj", "{9796BCB2-A646-48CE-BD84-E50C5CFFB21B}"
EndProject
Project("{9A19103F-16F7-4668-BE54-9A1E7A4F7556}") = "R5T.Troy.Base", "..\..\R5T.Troy.Base\source\R5T.Troy.Base\R5T.Troy.Base.csproj", "{33343AED-0265-4F3F-A450-AFA6EC6D266C}"
EndProject
Project("{9A19103F-16F7-4668-BE54-9A1E7A4F7556}") = "R5T.Troy.Standard", "..\..\R5T.Troy.Standard\source\R5T.Troy.Standard\R5T.Troy.Standard.csproj", "{ED2FBE6B-D8C6-4AB7-97A6-0335C5FAF931}"
EndProject
Project("{9A19103F-16F7-4668-BE54-9A1E7A4F7556}") = "R5T.Troy.Default", "..\..\R5T.Troy.Default\source\R5T.Troy.Default\R5T.Troy.Default.csproj", "{22D4B36A-9ECB-44EA-8BE4-22F11B483B50}"
EndProject
Global
	GlobalSection(SolutionConfigurationPlatforms) = preSolution
		Debug|Any CPU = Debug|Any CPU
		Debug|x64 = Debug|x64
		Debug|x86 = Debug|x86
		Release|Any CPU = Release|Any CPU
		Release|x64 = Release|x64
		Release|x86 = Release|x86
	EndGlobalSection
	GlobalSection(ProjectConfigurationPlatforms) = postSolution
		{59E00234-E49D-447E-BA4A-A937D9225C04}.Debug|Any CPU.ActiveCfg = Debug|Any CPU
		{59E00234-E49D-447E-BA4A-A937D9225C04}.Debug|Any CPU.Build.0 = Debug|Any CPU
		{59E00234-E49D-447E-BA4A-A937D9225C04}.Debug|x64.ActiveCfg = Debug|Any CPU
		{59E00234-E49D-447E-BA4A-A937D9225C04}.Debug|x64.Build.0 = Debug|Any CPU
		{59E00234-E49D-447E-BA4A-A937D9225C04}.Debug|x86.ActiveCfg = Debug|Any CPU
		{59E00234-E49D-447E-BA4A-A937D9225C04}.Debug|x86.Build.0 = Debug|Any CPU
		{59E00234-E49D-447E-BA4A-A937D9225C04}.Release|Any CPU.ActiveCfg = Release|Any CPU
		{59E00234-E49D-447E-BA4A-A937D9225C04}.Release|Any CPU.Build.0 = Release|Any CPU
		{59E00234-E49D-447E-BA4A-A937D9225C04}.Release|x64.ActiveCfg = Release|Any CPU
		{59E00234-E49D-447E-BA4A-A937D9225C04}.Release|x64.Build.0 = Release|Any CPU
		{59E00234-E49D-447E-BA4A-A937D9225C04}.Release|x86.ActiveCfg = Release|Any CPU
		{59E00234-E49D-447E-BA4A-A937D9225C04}.Release|x86.Build.0 = Release|Any CPU
		{F1F40B54-5AA2-4F0B-9B98-8FA9EAD523F8}.Debug|Any CPU.ActiveCfg = Debug|Any CPU
		{F1F40B54-5AA2-4F0B-9B98-8FA9EAD523F8}.Debug|Any CPU.Build.0 = Debug|Any CPU
		{F1F40B54-5AA2-4F0B-9B98-8FA9EAD523F8}.Debug|x64.ActiveCfg = Debug|Any CPU
		{F1F40B54-5AA2-4F0B-9B98-8FA9EAD523F8}.Debug|x64.Build.0 = Debug|Any CPU
		{F1F40B54-5AA2-4F0B-9B98-8FA9EAD523F8}.Debug|x86.ActiveCfg = Debug|Any CPU
		{F1F40B54-5AA2-4F0B-9B98-8FA9EAD523F8}.Debug|x86.Build.0 = Debug|Any CPU
		{F1F40B54-5AA2-4F0B-9B98-8FA9EAD523F8}.Release|Any CPU.ActiveCfg = Release|Any CPU
		{F1F40B54-5AA2-4F0B-9B98-8FA9EAD523F8}.Release|Any CPU.Build.0 = Release|Any CPU
		{F1F40B54-5AA2-4F0B-9B98-8FA9EAD523F8}.Release|x64.ActiveCfg = Release|Any CPU
		{F1F40B54-5AA2-4F0B-9B98-8FA9EAD523F8}.Release|x64.Build.0 = Release|Any CPU
		{F1F40B54-5AA2-4F0B-9B98-8FA9EAD523F8}.Release|x86.ActiveCfg = Release|Any CPU
		{F1F40B54-5AA2-4F0B-9B98-8FA9EAD523F8}.Release|x86.Build.0 = Release|Any CPU
		{D2B5A3D5-7954-4253-A8D6-9095FA6A7371}.Debug|Any CPU.ActiveCfg = Debug|Any CPU
		{D2B5A3D5-7954-4253-A8D6-9095FA6A7371}.Debug|Any CPU.Build.0 = Debug|Any CPU
		{D2B5A3D5-7954-4253-A8D6-9095FA6A7371}.Debug|x64.ActiveCfg = Debug|Any CPU
		{D2B5A3D5-7954-4253-A8D6-9095FA6A7371}.Debug|x64.Build.0 = Debug|Any CPU
		{D2B5A3D5-7954-4253-A8D6-9095FA6A7371}.Debug|x86.ActiveCfg = Debug|Any CPU
		{D2B5A3D5-7954-4253-A8D6-9095FA6A7371}.Debug|x86.Build.0 = Debug|Any CPU
		{D2B5A3D5-7954-4253-A8D6-9095FA6A7371}.Release|Any CPU.ActiveCfg = Release|Any CPU
		{D2B5A3D5-7954-4253-A8D6-9095FA6A7371}.Release|Any CPU.Build.0 = Release|Any CPU
		{D2B5A3D5-7954-4253-A8D6-9095FA6A7371}.Release|x64.ActiveCfg = Release|Any CPU
		{D2B5A3D5-7954-4253-A8D6-9095FA6A7371}.Release|x64.Build.0 = Release|Any CPU
		{D2B5A3D5-7954-4253-A8D6-9095FA6A7371}.Release|x86.ActiveCfg = Release|Any CPU
		{D2B5A3D5-7954-4253-A8D6-9095FA6A7371}.Release|x86.Build.0 = Release|Any CPU
		{BFFEE782-29DE-44EE-A3F4-654A3B8CBB32}.Debug|Any CPU.ActiveCfg = Debug|Any CPU
		{BFFEE782-29DE-44EE-A3F4-654A3B8CBB32}.Debug|Any CPU.Build.0 = Debug|Any CPU
		{BFFEE782-29DE-44EE-A3F4-654A3B8CBB32}.Debug|x64.ActiveCfg = Debug|Any CPU
		{BFFEE782-29DE-44EE-A3F4-654A3B8CBB32}.Debug|x64.Build.0 = Debug|Any CPU
		{BFFEE782-29DE-44EE-A3F4-654A3B8CBB32}.Debug|x86.ActiveCfg = Debug|Any CPU
		{BFFEE782-29DE-44EE-A3F4-654A3B8CBB32}.Debug|x86.Build.0 = Debug|Any CPU
		{BFFEE782-29DE-44EE-A3F4-654A3B8CBB32}.Release|Any CPU.ActiveCfg = Release|Any CPU
		{BFFEE782-29DE-44EE-A3F4-654A3B8CBB32}.Release|Any CPU.Build.0 = Release|Any CPU
		{BFFEE782-29DE-44EE-A3F4-654A3B8CBB32}.Release|x64.ActiveCfg = Release|Any CPU
		{BFFEE782-29DE-44EE-A3F4-654A3B8CBB32}.Release|x64.Build.0 = Release|Any CPU
		{BFFEE782-29DE-44EE-A3F4-654A3B8CBB32}.Release|x86.ActiveCfg = Release|Any CPU
		{BFFEE782-29DE-44EE-A3F4-654A3B8CBB32}.Release|x86.Build.0 = Release|Any CPU
		{328E1B64-6E0D-47D0-BA19-CA72BC738F9C}.Debug|Any CPU.ActiveCfg = Debug|Any CPU
		{328E1B64-6E0D-47D0-BA19-CA72BC738F9C}.Debug|Any CPU.Build.0 = Debug|Any CPU
		{328E1B64-6E0D-47D0-BA19-CA72BC738F9C}.Debug|x64.ActiveCfg = Debug|Any CPU
		{328E1B64-6E0D-47D0-BA19-CA72BC738F9C}.Debug|x64.Build.0 = Debug|Any CPU
		{328E1B64-6E0D-47D0-BA19-CA72BC738F9C}.Debug|x86.ActiveCfg = Debug|Any CPU
		{328E1B64-6E0D-47D0-BA19-CA72BC738F9C}.Debug|x86.Build.0 = Debug|Any CPU
		{328E1B64-6E0D-47D0-BA19-CA72BC738F9C}.Release|Any CPU.ActiveCfg = Release|Any CPU
		{328E1B64-6E0D-47D0-BA19-CA72BC738F9C}.Release|Any CPU.Build.0 = Release|Any CPU
		{328E1B64-6E0D-47D0-BA19-CA72BC738F9C}.Release|x64.ActiveCfg = Release|Any CPU
		{328E1B64-6E0D-47D0-BA19-CA72BC738F9C}.Release|x64.Build.0 = Release|Any CPU
		{328E1B64-6E0D-47D0-BA19-CA72BC738F9C}.Release|x86.ActiveCfg = Release|Any CPU
		{328E1B64-6E0D-47D0-BA19-CA72BC738F9C}.Release|x86.Build.0 = Release|Any CPU
		{D0B564D7-A3FD-4A72-A5E3-67F405CB7C62}.Debug|Any CPU.ActiveCfg = Debug|Any CPU
		{D0B564D7-A3FD-4A72-A5E3-67F405CB7C62}.Debug|Any CPU.Build.0 = Debug|Any CPU
		{D0B564D7-A3FD-4A72-A5E3-67F405CB7C62}.Debug|x64.ActiveCfg = Debug|Any CPU
		{D0B564D7-A3FD-4A72-A5E3-67F405CB7C62}.Debug|x64.Build.0 = Debug|Any CPU
		{D0B564D7-A3FD-4A72-A5E3-67F405CB7C62}.Debug|x86.ActiveCfg = Debug|Any CPU
		{D0B564D7-A3FD-4A72-A5E3-67F405CB7C62}.Debug|x86.Build.0 = Debug|Any CPU
		{D0B564D7-A3FD-4A72-A5E3-67F405CB7C62}.Release|Any CPU.ActiveCfg = Release|Any CPU
		{D0B564D7-A3FD-4A72-A5E3-67F405CB7C62}.Release|Any CPU.Build.0 = Release|Any CPU
		{D0B564D7-A3FD-4A72-A5E3-67F405CB7C62}.Release|x64.ActiveCfg = Release|Any CPU
		{D0B564D7-A3FD-4A72-A5E3-67F405CB7C62}.Release|x64.Build.0 = Release|Any CPU
		{D0B564D7-A3FD-4A72-A5E3-67F405CB7C62}.Release|x86.ActiveCfg = Release|Any CPU
		{D0B564D7-A3FD-4A72-A5E3-67F405CB7C62}.Release|x86.Build.0 = Release|Any CPU
		{87B59E7D-53ED-4B04-B7CF-01824C53A762}.Debug|Any CPU.ActiveCfg = Debug|Any CPU
		{87B59E7D-53ED-4B04-B7CF-01824C53A762}.Debug|Any CPU.Build.0 = Debug|Any CPU
		{87B59E7D-53ED-4B04-B7CF-01824C53A762}.Debug|x64.ActiveCfg = Debug|Any CPU
		{87B59E7D-53ED-4B04-B7CF-01824C53A762}.Debug|x64.Build.0 = Debug|Any CPU
		{87B59E7D-53ED-4B04-B7CF-01824C53A762}.Debug|x86.ActiveCfg = Debug|Any CPU
		{87B59E7D-53ED-4B04-B7CF-01824C53A762}.Debug|x86.Build.0 = Debug|Any CPU
		{87B59E7D-53ED-4B04-B7CF-01824C53A762}.Release|Any CPU.ActiveCfg = Release|Any CPU
		{87B59E7D-53ED-4B04-B7CF-01824C53A762}.Release|Any CPU.Build.0 = Release|Any CPU
		{87B59E7D-53ED-4B04-B7CF-01824C53A762}.Release|x64.ActiveCfg = Release|Any CPU
		{87B59E7D-53ED-4B04-B7CF-01824C53A762}.Release|x64.Build.0 = Release|Any CPU
		{87B59E7D-53ED-4B04-B7CF-01824C53A762}.Release|x86.ActiveCfg = Release|Any CPU
		{87B59E7D-53ED-4B04-B7CF-01824C53A762}.Release|x86.Build.0 = Release|Any CPU
		{C31F63FC-4D10-4131-A2EC-E61B558625C7}.Debug|Any CPU.ActiveCfg = Debug|Any CPU
		{C31F63FC-4D10-4131-A2EC-E61B558625C7}.Debug|Any CPU.Build.0 = Debug|Any CPU
		{C31F63FC-4D10-4131-A2EC-E61B558625C7}.Debug|x64.ActiveCfg = Debug|Any CPU
		{C31F63FC-4D10-4131-A2EC-E61B558625C7}.Debug|x64.Build.0 = Debug|Any CPU
		{C31F63FC-4D10-4131-A2EC-E61B558625C7}.Debug|x86.ActiveCfg = Debug|Any CPU
		{C31F63FC-4D10-4131-A2EC-E61B558625C7}.Debug|x86.Build.0 = Debug|Any CPU
		{C31F63FC-4D10-4131-A2EC-E61B558625C7}.Release|Any CPU.ActiveCfg = Release|Any CPU
		{C31F63FC-4D10-4131-A2EC-E61B558625C7}.Release|Any CPU.Build.0 = Release|Any CPU
		{C31F63FC-4D10-4131-A2EC-E61B558625C7}.Release|x64.ActiveCfg = Release|Any CPU
		{C31F63FC-4D10-4131-A2EC-E61B558625C7}.Release|x64.Build.0 = Release|Any CPU
		{C31F63FC-4D10-4131-A2EC-E61B558625C7}.Release|x86.ActiveCfg = Release|Any CPU
		{C31F63FC-4D10-4131-A2EC-E61B558625C7}.Release|x86.Build.0 = Release|Any CPU
		{6385E21E-BEF3-4BCB-B6A6-9B7FB5640E49}.Debug|Any CPU.ActiveCfg = Debug|Any CPU
		{6385E21E-BEF3-4BCB-B6A6-9B7FB5640E49}.Debug|Any CPU.Build.0 = Debug|Any CPU
		{6385E21E-BEF3-4BCB-B6A6-9B7FB5640E49}.Debug|x64.ActiveCfg = Debug|Any CPU
		{6385E21E-BEF3-4BCB-B6A6-9B7FB5640E49}.Debug|x64.Build.0 = Debug|Any CPU
		{6385E21E-BEF3-4BCB-B6A6-9B7FB5640E49}.Debug|x86.ActiveCfg = Debug|Any CPU
		{6385E21E-BEF3-4BCB-B6A6-9B7FB5640E49}.Debug|x86.Build.0 = Debug|Any CPU
		{6385E21E-BEF3-4BCB-B6A6-9B7FB5640E49}.Release|Any CPU.ActiveCfg = Release|Any CPU
		{6385E21E-BEF3-4BCB-B6A6-9B7FB5640E49}.Release|Any CPU.Build.0 = Release|Any CPU
		{6385E21E-BEF3-4BCB-B6A6-9B7FB5640E49}.Release|x64.ActiveCfg = Release|Any CPU
		{6385E21E-BEF3-4BCB-B6A6-9B7FB5640E49}.Release|x64.Build.0 = Release|Any CPU
		{6385E21E-BEF3-4BCB-B6A6-9B7FB5640E49}.Release|x86.ActiveCfg = Release|Any CPU
		{6385E21E-BEF3-4BCB-B6A6-9B7FB5640E49}.Release|x86.Build.0 = Release|Any CPU
		{FF37FE6F-457F-4EA7-9483-2CD694FDB9DF}.Debug|Any CPU.ActiveCfg = Debug|Any CPU
		{FF37FE6F-457F-4EA7-9483-2CD694FDB9DF}.Debug|Any CPU.Build.0 = Debug|Any CPU
		{FF37FE6F-457F-4EA7-9483-2CD694FDB9DF}.Debug|x64.ActiveCfg = Debug|Any CPU
		{FF37FE6F-457F-4EA7-9483-2CD694FDB9DF}.Debug|x64.Build.0 = Debug|Any CPU
		{FF37FE6F-457F-4EA7-9483-2CD694FDB9DF}.Debug|x86.ActiveCfg = Debug|Any CPU
		{FF37FE6F-457F-4EA7-9483-2CD694FDB9DF}.Debug|x86.Build.0 = Debug|Any CPU
		{FF37FE6F-457F-4EA7-9483-2CD694FDB9DF}.Release|Any CPU.ActiveCfg = Release|Any CPU
		{FF37FE6F-457F-4EA7-9483-2CD694FDB9DF}.Release|Any CPU.Build.0 = Release|Any CPU
		{FF37FE6F-457F-4EA7-9483-2CD694FDB9DF}.Release|x64.ActiveCfg = Release|Any CPU
		{FF37FE6F-457F-4EA7-9483-2CD694FDB9DF}.Release|x64.Build.0 = Release|Any CPU
		{FF37FE6F-457F-4EA7-9483-2CD694FDB9DF}.Release|x86.ActiveCfg = Release|Any CPU
		{FF37FE6F-457F-4EA7-9483-2CD694FDB9DF}.Release|x86.Build.0 = Release|Any CPU
		{50AB1F6A-FC2A-4334-9AEC-7555A28C57E4}.Debug|Any CPU.ActiveCfg = Debug|Any CPU
		{50AB1F6A-FC2A-4334-9AEC-7555A28C57E4}.Debug|Any CPU.Build.0 = Debug|Any CPU
		{50AB1F6A-FC2A-4334-9AEC-7555A28C57E4}.Debug|x64.ActiveCfg = Debug|Any CPU
		{50AB1F6A-FC2A-4334-9AEC-7555A28C57E4}.Debug|x64.Build.0 = Debug|Any CPU
		{50AB1F6A-FC2A-4334-9AEC-7555A28C57E4}.Debug|x86.ActiveCfg = Debug|Any CPU
		{50AB1F6A-FC2A-4334-9AEC-7555A28C57E4}.Debug|x86.Build.0 = Debug|Any CPU
		{50AB1F6A-FC2A-4334-9AEC-7555A28C57E4}.Release|Any CPU.ActiveCfg = Release|Any CPU
		{50AB1F6A-FC2A-4334-9AEC-7555A28C57E4}.Release|Any CPU.Build.0 = Release|Any CPU
		{50AB1F6A-FC2A-4334-9AEC-7555A28C57E4}.Release|x64.ActiveCfg = Release|Any CPU
		{50AB1F6A-FC2A-4334-9AEC-7555A28C57E4}.Release|x64.Build.0 = Release|Any CPU
		{50AB1F6A-FC2A-4334-9AEC-7555A28C57E4}.Release|x86.ActiveCfg = Release|Any CPU
		{50AB1F6A-FC2A-4334-9AEC-7555A28C57E4}.Release|x86.Build.0 = Release|Any CPU
		{5267E5F3-13A7-47C1-9144-57212A41608D}.Debug|Any CPU.ActiveCfg = Debug|Any CPU
		{5267E5F3-13A7-47C1-9144-57212A41608D}.Debug|Any CPU.Build.0 = Debug|Any CPU
		{5267E5F3-13A7-47C1-9144-57212A41608D}.Debug|x64.ActiveCfg = Debug|Any CPU
		{5267E5F3-13A7-47C1-9144-57212A41608D}.Debug|x64.Build.0 = Debug|Any CPU
		{5267E5F3-13A7-47C1-9144-57212A41608D}.Debug|x86.ActiveCfg = Debug|Any CPU
		{5267E5F3-13A7-47C1-9144-57212A41608D}.Debug|x86.Build.0 = Debug|Any CPU
		{5267E5F3-13A7-47C1-9144-57212A41608D}.Release|Any CPU.ActiveCfg = Release|Any CPU
		{5267E5F3-13A7-47C1-9144-57212A41608D}.Release|Any CPU.Build.0 = Release|Any CPU
		{5267E5F3-13A7-47C1-9144-57212A41608D}.Release|x64.ActiveCfg = Release|Any CPU
		{5267E5F3-13A7-47C1-9144-57212A41608D}.Release|x64.Build.0 = Release|Any CPU
		{5267E5F3-13A7-47C1-9144-57212A41608D}.Release|x86.ActiveCfg = Release|Any CPU
		{5267E5F3-13A7-47C1-9144-57212A41608D}.Release|x86.Build.0 = Release|Any CPU
		{129BA531-4DD6-45EE-BFE9-CC98642E410B}.Debug|Any CPU.ActiveCfg = Debug|Any CPU
		{129BA531-4DD6-45EE-BFE9-CC98642E410B}.Debug|Any CPU.Build.0 = Debug|Any CPU
		{129BA531-4DD6-45EE-BFE9-CC98642E410B}.Debug|x64.ActiveCfg = Debug|Any CPU
		{129BA531-4DD6-45EE-BFE9-CC98642E410B}.Debug|x64.Build.0 = Debug|Any CPU
		{129BA531-4DD6-45EE-BFE9-CC98642E410B}.Debug|x86.ActiveCfg = Debug|Any CPU
		{129BA531-4DD6-45EE-BFE9-CC98642E410B}.Debug|x86.Build.0 = Debug|Any CPU
		{129BA531-4DD6-45EE-BFE9-CC98642E410B}.Release|Any CPU.ActiveCfg = Release|Any CPU
		{129BA531-4DD6-45EE-BFE9-CC98642E410B}.Release|Any CPU.Build.0 = Release|Any CPU
		{129BA531-4DD6-45EE-BFE9-CC98642E410B}.Release|x64.ActiveCfg = Release|Any CPU
		{129BA531-4DD6-45EE-BFE9-CC98642E410B}.Release|x64.Build.0 = Release|Any CPU
		{129BA531-4DD6-45EE-BFE9-CC98642E410B}.Release|x86.ActiveCfg = Release|Any CPU
		{129BA531-4DD6-45EE-BFE9-CC98642E410B}.Release|x86.Build.0 = Release|Any CPU
		{CE205E90-27F3-4453-9A2D-4222A57A9303}.Debug|Any CPU.ActiveCfg = Debug|Any CPU
		{CE205E90-27F3-4453-9A2D-4222A57A9303}.Debug|Any CPU.Build.0 = Debug|Any CPU
		{CE205E90-27F3-4453-9A2D-4222A57A9303}.Debug|x64.ActiveCfg = Debug|Any CPU
		{CE205E90-27F3-4453-9A2D-4222A57A9303}.Debug|x64.Build.0 = Debug|Any CPU
		{CE205E90-27F3-4453-9A2D-4222A57A9303}.Debug|x86.ActiveCfg = Debug|Any CPU
		{CE205E90-27F3-4453-9A2D-4222A57A9303}.Debug|x86.Build.0 = Debug|Any CPU
		{CE205E90-27F3-4453-9A2D-4222A57A9303}.Release|Any CPU.ActiveCfg = Release|Any CPU
		{CE205E90-27F3-4453-9A2D-4222A57A9303}.Release|Any CPU.Build.0 = Release|Any CPU
		{CE205E90-27F3-4453-9A2D-4222A57A9303}.Release|x64.ActiveCfg = Release|Any CPU
		{CE205E90-27F3-4453-9A2D-4222A57A9303}.Release|x64.Build.0 = Release|Any CPU
		{CE205E90-27F3-4453-9A2D-4222A57A9303}.Release|x86.ActiveCfg = Release|Any CPU
		{CE205E90-27F3-4453-9A2D-4222A57A9303}.Release|x86.Build.0 = Release|Any CPU
		{54840E9D-E359-441F-9486-7C9420045252}.Debug|Any CPU.ActiveCfg = Debug|Any CPU
		{54840E9D-E359-441F-9486-7C9420045252}.Debug|Any CPU.Build.0 = Debug|Any CPU
		{54840E9D-E359-441F-9486-7C9420045252}.Debug|x64.ActiveCfg = Debug|Any CPU
		{54840E9D-E359-441F-9486-7C9420045252}.Debug|x64.Build.0 = Debug|Any CPU
		{54840E9D-E359-441F-9486-7C9420045252}.Debug|x86.ActiveCfg = Debug|Any CPU
		{54840E9D-E359-441F-9486-7C9420045252}.Debug|x86.Build.0 = Debug|Any CPU
		{54840E9D-E359-441F-9486-7C9420045252}.Release|Any CPU.ActiveCfg = Release|Any CPU
		{54840E9D-E359-441F-9486-7C9420045252}.Release|Any CPU.Build.0 = Release|Any CPU
		{54840E9D-E359-441F-9486-7C9420045252}.Release|x64.ActiveCfg = Release|Any CPU
		{54840E9D-E359-441F-9486-7C9420045252}.Release|x64.Build.0 = Release|Any CPU
		{54840E9D-E359-441F-9486-7C9420045252}.Release|x86.ActiveCfg = Release|Any CPU
		{54840E9D-E359-441F-9486-7C9420045252}.Release|x86.Build.0 = Release|Any CPU
		{EE7FBC03-AF5E-4A3D-9606-179957E85089}.Debug|Any CPU.ActiveCfg = Debug|Any CPU
		{EE7FBC03-AF5E-4A3D-9606-179957E85089}.Debug|Any CPU.Build.0 = Debug|Any CPU
		{EE7FBC03-AF5E-4A3D-9606-179957E85089}.Debug|x64.ActiveCfg = Debug|Any CPU
		{EE7FBC03-AF5E-4A3D-9606-179957E85089}.Debug|x64.Build.0 = Debug|Any CPU
		{EE7FBC03-AF5E-4A3D-9606-179957E85089}.Debug|x86.ActiveCfg = Debug|Any CPU
		{EE7FBC03-AF5E-4A3D-9606-179957E85089}.Debug|x86.Build.0 = Debug|Any CPU
		{EE7FBC03-AF5E-4A3D-9606-179957E85089}.Release|Any CPU.ActiveCfg = Release|Any CPU
		{EE7FBC03-AF5E-4A3D-9606-179957E85089}.Release|Any CPU.Build.0 = Release|Any CPU
		{EE7FBC03-AF5E-4A3D-9606-179957E85089}.Release|x64.ActiveCfg = Release|Any CPU
		{EE7FBC03-AF5E-4A3D-9606-179957E85089}.Release|x64.Build.0 = Release|Any CPU
		{EE7FBC03-AF5E-4A3D-9606-179957E85089}.Release|x86.ActiveCfg = Release|Any CPU
		{EE7FBC03-AF5E-4A3D-9606-179957E85089}.Release|x86.Build.0 = Release|Any CPU
		{75ED3845-759B-4B0F-AC2F-C268F9AE3198}.Debug|Any CPU.ActiveCfg = Debug|Any CPU
		{75ED3845-759B-4B0F-AC2F-C268F9AE3198}.Debug|Any CPU.Build.0 = Debug|Any CPU
		{75ED3845-759B-4B0F-AC2F-C268F9AE3198}.Debug|x64.ActiveCfg = Debug|Any CPU
		{75ED3845-759B-4B0F-AC2F-C268F9AE3198}.Debug|x64.Build.0 = Debug|Any CPU
		{75ED3845-759B-4B0F-AC2F-C268F9AE3198}.Debug|x86.ActiveCfg = Debug|Any CPU
		{75ED3845-759B-4B0F-AC2F-C268F9AE3198}.Debug|x86.Build.0 = Debug|Any CPU
		{75ED3845-759B-4B0F-AC2F-C268F9AE3198}.Release|Any CPU.ActiveCfg = Release|Any CPU
		{75ED3845-759B-4B0F-AC2F-C268F9AE3198}.Release|Any CPU.Build.0 = Release|Any CPU
		{75ED3845-759B-4B0F-AC2F-C268F9AE3198}.Release|x64.ActiveCfg = Release|Any CPU
		{75ED3845-759B-4B0F-AC2F-C268F9AE3198}.Release|x64.Build.0 = Release|Any CPU
		{75ED3845-759B-4B0F-AC2F-C268F9AE3198}.Release|x86.ActiveCfg = Release|Any CPU
		{75ED3845-759B-4B0F-AC2F-C268F9AE3198}.Release|x86.Build.0 = Release|Any CPU
		{D90DFC5D-3BDA-4775-9764-F60B23D5C376}.Debug|Any CPU.ActiveCfg = Debug|Any CPU
		{D90DFC5D-3BDA-4775-9764-F60B23D5C376}.Debug|Any CPU.Build.0 = Debug|Any CPU
		{D90DFC5D-3BDA-4775-9764-F60B23D5C376}.Debug|x64.ActiveCfg = Debug|Any CPU
		{D90DFC5D-3BDA-4775-9764-F60B23D5C376}.Debug|x64.Build.0 = Debug|Any CPU
		{D90DFC5D-3BDA-4775-9764-F60B23D5C376}.Debug|x86.ActiveCfg = Debug|Any CPU
		{D90DFC5D-3BDA-4775-9764-F60B23D5C376}.Debug|x86.Build.0 = Debug|Any CPU
		{D90DFC5D-3BDA-4775-9764-F60B23D5C376}.Release|Any CPU.ActiveCfg = Release|Any CPU
		{D90DFC5D-3BDA-4775-9764-F60B23D5C376}.Release|Any CPU.Build.0 = Release|Any CPU
		{D90DFC5D-3BDA-4775-9764-F60B23D5C376}.Release|x64.ActiveCfg = Release|Any CPU
		{D90DFC5D-3BDA-4775-9764-F60B23D5C376}.Release|x64.Build.0 = Release|Any CPU
		{D90DFC5D-3BDA-4775-9764-F60B23D5C376}.Release|x86.ActiveCfg = Release|Any CPU
		{D90DFC5D-3BDA-4775-9764-F60B23D5C376}.Release|x86.Build.0 = Release|Any CPU
		{9E9D8229-A19A-401D-B56E-9D4C08B6F9EC}.Debug|Any CPU.ActiveCfg = Debug|Any CPU
		{9E9D8229-A19A-401D-B56E-9D4C08B6F9EC}.Debug|Any CPU.Build.0 = Debug|Any CPU
		{9E9D8229-A19A-401D-B56E-9D4C08B6F9EC}.Debug|x64.ActiveCfg = Debug|Any CPU
		{9E9D8229-A19A-401D-B56E-9D4C08B6F9EC}.Debug|x64.Build.0 = Debug|Any CPU
		{9E9D8229-A19A-401D-B56E-9D4C08B6F9EC}.Debug|x86.ActiveCfg = Debug|Any CPU
		{9E9D8229-A19A-401D-B56E-9D4C08B6F9EC}.Debug|x86.Build.0 = Debug|Any CPU
		{9E9D8229-A19A-401D-B56E-9D4C08B6F9EC}.Release|Any CPU.ActiveCfg = Release|Any CPU
		{9E9D8229-A19A-401D-B56E-9D4C08B6F9EC}.Release|Any CPU.Build.0 = Release|Any CPU
		{9E9D8229-A19A-401D-B56E-9D4C08B6F9EC}.Release|x64.ActiveCfg = Release|Any CPU
		{9E9D8229-A19A-401D-B56E-9D4C08B6F9EC}.Release|x64.Build.0 = Release|Any CPU
		{9E9D8229-A19A-401D-B56E-9D4C08B6F9EC}.Release|x86.ActiveCfg = Release|Any CPU
		{9E9D8229-A19A-401D-B56E-9D4C08B6F9EC}.Release|x86.Build.0 = Release|Any CPU
		{526CC9CB-36E6-49C5-8D1E-4313E5E6BB69}.Debug|Any CPU.ActiveCfg = Debug|Any CPU
		{526CC9CB-36E6-49C5-8D1E-4313E5E6BB69}.Debug|Any CPU.Build.0 = Debug|Any CPU
		{526CC9CB-36E6-49C5-8D1E-4313E5E6BB69}.Debug|x64.ActiveCfg = Debug|Any CPU
		{526CC9CB-36E6-49C5-8D1E-4313E5E6BB69}.Debug|x64.Build.0 = Debug|Any CPU
		{526CC9CB-36E6-49C5-8D1E-4313E5E6BB69}.Debug|x86.ActiveCfg = Debug|Any CPU
		{526CC9CB-36E6-49C5-8D1E-4313E5E6BB69}.Debug|x86.Build.0 = Debug|Any CPU
		{526CC9CB-36E6-49C5-8D1E-4313E5E6BB69}.Release|Any CPU.ActiveCfg = Release|Any CPU
		{526CC9CB-36E6-49C5-8D1E-4313E5E6BB69}.Release|Any CPU.Build.0 = Release|Any CPU
		{526CC9CB-36E6-49C5-8D1E-4313E5E6BB69}.Release|x64.ActiveCfg = Release|Any CPU
		{526CC9CB-36E6-49C5-8D1E-4313E5E6BB69}.Release|x64.Build.0 = Release|Any CPU
		{526CC9CB-36E6-49C5-8D1E-4313E5E6BB69}.Release|x86.ActiveCfg = Release|Any CPU
		{526CC9CB-36E6-49C5-8D1E-4313E5E6BB69}.Release|x86.Build.0 = Release|Any CPU
		{AA0D424C-5D49-4C2B-8B2D-38AF2D3EB0D0}.Debug|Any CPU.ActiveCfg = Debug|Any CPU
		{AA0D424C-5D49-4C2B-8B2D-38AF2D3EB0D0}.Debug|Any CPU.Build.0 = Debug|Any CPU
		{AA0D424C-5D49-4C2B-8B2D-38AF2D3EB0D0}.Debug|x64.ActiveCfg = Debug|Any CPU
		{AA0D424C-5D49-4C2B-8B2D-38AF2D3EB0D0}.Debug|x64.Build.0 = Debug|Any CPU
		{AA0D424C-5D49-4C2B-8B2D-38AF2D3EB0D0}.Debug|x86.ActiveCfg = Debug|Any CPU
		{AA0D424C-5D49-4C2B-8B2D-38AF2D3EB0D0}.Debug|x86.Build.0 = Debug|Any CPU
		{AA0D424C-5D49-4C2B-8B2D-38AF2D3EB0D0}.Release|Any CPU.ActiveCfg = Release|Any CPU
		{AA0D424C-5D49-4C2B-8B2D-38AF2D3EB0D0}.Release|Any CPU.Build.0 = Release|Any CPU
		{AA0D424C-5D49-4C2B-8B2D-38AF2D3EB0D0}.Release|x64.ActiveCfg = Release|Any CPU
		{AA0D424C-5D49-4C2B-8B2D-38AF2D3EB0D0}.Release|x64.Build.0 = Release|Any CPU
		{AA0D424C-5D49-4C2B-8B2D-38AF2D3EB0D0}.Release|x86.ActiveCfg = Release|Any CPU
		{AA0D424C-5D49-4C2B-8B2D-38AF2D3EB0D0}.Release|x86.Build.0 = Release|Any CPU
		{F286CF99-296B-43A6-8F3B-C1DAB5A2F0E2}.Debug|Any CPU.ActiveCfg = Debug|Any CPU
		{F286CF99-296B-43A6-8F3B-C1DAB5A2F0E2}.Debug|Any CPU.Build.0 = Debug|Any CPU
		{F286CF99-296B-43A6-8F3B-C1DAB5A2F0E2}.Debug|x64.ActiveCfg = Debug|Any CPU
		{F286CF99-296B-43A6-8F3B-C1DAB5A2F0E2}.Debug|x64.Build.0 = Debug|Any CPU
		{F286CF99-296B-43A6-8F3B-C1DAB5A2F0E2}.Debug|x86.ActiveCfg = Debug|Any CPU
		{F286CF99-296B-43A6-8F3B-C1DAB5A2F0E2}.Debug|x86.Build.0 = Debug|Any CPU
		{F286CF99-296B-43A6-8F3B-C1DAB5A2F0E2}.Release|Any CPU.ActiveCfg = Release|Any CPU
		{F286CF99-296B-43A6-8F3B-C1DAB5A2F0E2}.Release|Any CPU.Build.0 = Release|Any CPU
		{F286CF99-296B-43A6-8F3B-C1DAB5A2F0E2}.Release|x64.ActiveCfg = Release|Any CPU
		{F286CF99-296B-43A6-8F3B-C1DAB5A2F0E2}.Release|x64.Build.0 = Release|Any CPU
		{F286CF99-296B-43A6-8F3B-C1DAB5A2F0E2}.Release|x86.ActiveCfg = Release|Any CPU
		{F286CF99-296B-43A6-8F3B-C1DAB5A2F0E2}.Release|x86.Build.0 = Release|Any CPU
		{20B5FA65-4D7F-4D10-9AB3-0A815D0F8285}.Debug|Any CPU.ActiveCfg = Debug|Any CPU
		{20B5FA65-4D7F-4D10-9AB3-0A815D0F8285}.Debug|Any CPU.Build.0 = Debug|Any CPU
		{20B5FA65-4D7F-4D10-9AB3-0A815D0F8285}.Debug|x64.ActiveCfg = Debug|Any CPU
		{20B5FA65-4D7F-4D10-9AB3-0A815D0F8285}.Debug|x64.Build.0 = Debug|Any CPU
		{20B5FA65-4D7F-4D10-9AB3-0A815D0F8285}.Debug|x86.ActiveCfg = Debug|Any CPU
		{20B5FA65-4D7F-4D10-9AB3-0A815D0F8285}.Debug|x86.Build.0 = Debug|Any CPU
		{20B5FA65-4D7F-4D10-9AB3-0A815D0F8285}.Release|Any CPU.ActiveCfg = Release|Any CPU
		{20B5FA65-4D7F-4D10-9AB3-0A815D0F8285}.Release|Any CPU.Build.0 = Release|Any CPU
		{20B5FA65-4D7F-4D10-9AB3-0A815D0F8285}.Release|x64.ActiveCfg = Release|Any CPU
		{20B5FA65-4D7F-4D10-9AB3-0A815D0F8285}.Release|x64.Build.0 = Release|Any CPU
		{20B5FA65-4D7F-4D10-9AB3-0A815D0F8285}.Release|x86.ActiveCfg = Release|Any CPU
		{20B5FA65-4D7F-4D10-9AB3-0A815D0F8285}.Release|x86.Build.0 = Release|Any CPU
		{5297DEEB-C314-4296-B612-3291C6746E46}.Debug|Any CPU.ActiveCfg = Debug|Any CPU
		{5297DEEB-C314-4296-B612-3291C6746E46}.Debug|Any CPU.Build.0 = Debug|Any CPU
		{5297DEEB-C314-4296-B612-3291C6746E46}.Debug|x64.ActiveCfg = Debug|Any CPU
		{5297DEEB-C314-4296-B612-3291C6746E46}.Debug|x64.Build.0 = Debug|Any CPU
		{5297DEEB-C314-4296-B612-3291C6746E46}.Debug|x86.ActiveCfg = Debug|Any CPU
		{5297DEEB-C314-4296-B612-3291C6746E46}.Debug|x86.Build.0 = Debug|Any CPU
		{5297DEEB-C314-4296-B612-3291C6746E46}.Release|Any CPU.ActiveCfg = Release|Any CPU
		{5297DEEB-C314-4296-B612-3291C6746E46}.Release|Any CPU.Build.0 = Release|Any CPU
		{5297DEEB-C314-4296-B612-3291C6746E46}.Release|x64.ActiveCfg = Release|Any CPU
		{5297DEEB-C314-4296-B612-3291C6746E46}.Release|x64.Build.0 = Release|Any CPU
		{5297DEEB-C314-4296-B612-3291C6746E46}.Release|x86.ActiveCfg = Release|Any CPU
		{5297DEEB-C314-4296-B612-3291C6746E46}.Release|x86.Build.0 = Release|Any CPU
		{FB55C21E-4A29-4D90-90B3-B03F0AF7FD76}.Debug|Any CPU.ActiveCfg = Debug|Any CPU
		{FB55C21E-4A29-4D90-90B3-B03F0AF7FD76}.Debug|Any CPU.Build.0 = Debug|Any CPU
		{FB55C21E-4A29-4D90-90B3-B03F0AF7FD76}.Debug|x64.ActiveCfg = Debug|Any CPU
		{FB55C21E-4A29-4D90-90B3-B03F0AF7FD76}.Debug|x64.Build.0 = Debug|Any CPU
		{FB55C21E-4A29-4D90-90B3-B03F0AF7FD76}.Debug|x86.ActiveCfg = Debug|Any CPU
		{FB55C21E-4A29-4D90-90B3-B03F0AF7FD76}.Debug|x86.Build.0 = Debug|Any CPU
		{FB55C21E-4A29-4D90-90B3-B03F0AF7FD76}.Release|Any CPU.ActiveCfg = Release|Any CPU
		{FB55C21E-4A29-4D90-90B3-B03F0AF7FD76}.Release|Any CPU.Build.0 = Release|Any CPU
		{FB55C21E-4A29-4D90-90B3-B03F0AF7FD76}.Release|x64.ActiveCfg = Release|Any CPU
		{FB55C21E-4A29-4D90-90B3-B03F0AF7FD76}.Release|x64.Build.0 = Release|Any CPU
		{FB55C21E-4A29-4D90-90B3-B03F0AF7FD76}.Release|x86.ActiveCfg = Release|Any CPU
		{FB55C21E-4A29-4D90-90B3-B03F0AF7FD76}.Release|x86.Build.0 = Release|Any CPU
		{AB6A6C0D-1D9D-40E3-9BA0-3E8EF7491669}.Debug|Any CPU.ActiveCfg = Debug|Any CPU
		{AB6A6C0D-1D9D-40E3-9BA0-3E8EF7491669}.Debug|Any CPU.Build.0 = Debug|Any CPU
		{AB6A6C0D-1D9D-40E3-9BA0-3E8EF7491669}.Debug|x64.ActiveCfg = Debug|Any CPU
		{AB6A6C0D-1D9D-40E3-9BA0-3E8EF7491669}.Debug|x64.Build.0 = Debug|Any CPU
		{AB6A6C0D-1D9D-40E3-9BA0-3E8EF7491669}.Debug|x86.ActiveCfg = Debug|Any CPU
		{AB6A6C0D-1D9D-40E3-9BA0-3E8EF7491669}.Debug|x86.Build.0 = Debug|Any CPU
		{AB6A6C0D-1D9D-40E3-9BA0-3E8EF7491669}.Release|Any CPU.ActiveCfg = Release|Any CPU
		{AB6A6C0D-1D9D-40E3-9BA0-3E8EF7491669}.Release|Any CPU.Build.0 = Release|Any CPU
		{AB6A6C0D-1D9D-40E3-9BA0-3E8EF7491669}.Release|x64.ActiveCfg = Release|Any CPU
		{AB6A6C0D-1D9D-40E3-9BA0-3E8EF7491669}.Release|x64.Build.0 = Release|Any CPU
		{AB6A6C0D-1D9D-40E3-9BA0-3E8EF7491669}.Release|x86.ActiveCfg = Release|Any CPU
		{AB6A6C0D-1D9D-40E3-9BA0-3E8EF7491669}.Release|x86.Build.0 = Release|Any CPU
		{FEBF12A3-53C0-47D0-9797-9B29291285EA}.Debug|Any CPU.ActiveCfg = Debug|Any CPU
		{FEBF12A3-53C0-47D0-9797-9B29291285EA}.Debug|Any CPU.Build.0 = Debug|Any CPU
		{FEBF12A3-53C0-47D0-9797-9B29291285EA}.Debug|x64.ActiveCfg = Debug|Any CPU
		{FEBF12A3-53C0-47D0-9797-9B29291285EA}.Debug|x64.Build.0 = Debug|Any CPU
		{FEBF12A3-53C0-47D0-9797-9B29291285EA}.Debug|x86.ActiveCfg = Debug|Any CPU
		{FEBF12A3-53C0-47D0-9797-9B29291285EA}.Debug|x86.Build.0 = Debug|Any CPU
		{FEBF12A3-53C0-47D0-9797-9B29291285EA}.Release|Any CPU.ActiveCfg = Release|Any CPU
		{FEBF12A3-53C0-47D0-9797-9B29291285EA}.Release|Any CPU.Build.0 = Release|Any CPU
		{FEBF12A3-53C0-47D0-9797-9B29291285EA}.Release|x64.ActiveCfg = Release|Any CPU
		{FEBF12A3-53C0-47D0-9797-9B29291285EA}.Release|x64.Build.0 = Release|Any CPU
		{FEBF12A3-53C0-47D0-9797-9B29291285EA}.Release|x86.ActiveCfg = Release|Any CPU
		{FEBF12A3-53C0-47D0-9797-9B29291285EA}.Release|x86.Build.0 = Release|Any CPU
		{9BD87ECF-229F-4018-A467-9C7F83F8B914}.Debug|Any CPU.ActiveCfg = Debug|Any CPU
		{9BD87ECF-229F-4018-A467-9C7F83F8B914}.Debug|Any CPU.Build.0 = Debug|Any CPU
		{9BD87ECF-229F-4018-A467-9C7F83F8B914}.Debug|x64.ActiveCfg = Debug|Any CPU
		{9BD87ECF-229F-4018-A467-9C7F83F8B914}.Debug|x64.Build.0 = Debug|Any CPU
		{9BD87ECF-229F-4018-A467-9C7F83F8B914}.Debug|x86.ActiveCfg = Debug|Any CPU
		{9BD87ECF-229F-4018-A467-9C7F83F8B914}.Debug|x86.Build.0 = Debug|Any CPU
		{9BD87ECF-229F-4018-A467-9C7F83F8B914}.Release|Any CPU.ActiveCfg = Release|Any CPU
		{9BD87ECF-229F-4018-A467-9C7F83F8B914}.Release|Any CPU.Build.0 = Release|Any CPU
		{9BD87ECF-229F-4018-A467-9C7F83F8B914}.Release|x64.ActiveCfg = Release|Any CPU
		{9BD87ECF-229F-4018-A467-9C7F83F8B914}.Release|x64.Build.0 = Release|Any CPU
		{9BD87ECF-229F-4018-A467-9C7F83F8B914}.Release|x86.ActiveCfg = Release|Any CPU
		{9BD87ECF-229F-4018-A467-9C7F83F8B914}.Release|x86.Build.0 = Release|Any CPU
		{2EBA1C9B-6911-4366-929F-11103667D1CF}.Debug|Any CPU.ActiveCfg = Debug|Any CPU
		{2EBA1C9B-6911-4366-929F-11103667D1CF}.Debug|Any CPU.Build.0 = Debug|Any CPU
		{2EBA1C9B-6911-4366-929F-11103667D1CF}.Debug|x64.ActiveCfg = Debug|Any CPU
		{2EBA1C9B-6911-4366-929F-11103667D1CF}.Debug|x64.Build.0 = Debug|Any CPU
		{2EBA1C9B-6911-4366-929F-11103667D1CF}.Debug|x86.ActiveCfg = Debug|Any CPU
		{2EBA1C9B-6911-4366-929F-11103667D1CF}.Debug|x86.Build.0 = Debug|Any CPU
		{2EBA1C9B-6911-4366-929F-11103667D1CF}.Release|Any CPU.ActiveCfg = Release|Any CPU
		{2EBA1C9B-6911-4366-929F-11103667D1CF}.Release|Any CPU.Build.0 = Release|Any CPU
		{2EBA1C9B-6911-4366-929F-11103667D1CF}.Release|x64.ActiveCfg = Release|Any CPU
		{2EBA1C9B-6911-4366-929F-11103667D1CF}.Release|x64.Build.0 = Release|Any CPU
		{2EBA1C9B-6911-4366-929F-11103667D1CF}.Release|x86.ActiveCfg = Release|Any CPU
		{2EBA1C9B-6911-4366-929F-11103667D1CF}.Release|x86.Build.0 = Release|Any CPU
		{22862C9C-F587-4297-B1E7-DBA95FA0C396}.Debug|Any CPU.ActiveCfg = Debug|Any CPU
		{22862C9C-F587-4297-B1E7-DBA95FA0C396}.Debug|Any CPU.Build.0 = Debug|Any CPU
		{22862C9C-F587-4297-B1E7-DBA95FA0C396}.Debug|x64.ActiveCfg = Debug|Any CPU
		{22862C9C-F587-4297-B1E7-DBA95FA0C396}.Debug|x64.Build.0 = Debug|Any CPU
		{22862C9C-F587-4297-B1E7-DBA95FA0C396}.Debug|x86.ActiveCfg = Debug|Any CPU
		{22862C9C-F587-4297-B1E7-DBA95FA0C396}.Debug|x86.Build.0 = Debug|Any CPU
		{22862C9C-F587-4297-B1E7-DBA95FA0C396}.Release|Any CPU.ActiveCfg = Release|Any CPU
		{22862C9C-F587-4297-B1E7-DBA95FA0C396}.Release|Any CPU.Build.0 = Release|Any CPU
		{22862C9C-F587-4297-B1E7-DBA95FA0C396}.Release|x64.ActiveCfg = Release|Any CPU
		{22862C9C-F587-4297-B1E7-DBA95FA0C396}.Release|x64.Build.0 = Release|Any CPU
		{22862C9C-F587-4297-B1E7-DBA95FA0C396}.Release|x86.ActiveCfg = Release|Any CPU
		{22862C9C-F587-4297-B1E7-DBA95FA0C396}.Release|x86.Build.0 = Release|Any CPU
		{FBAFD731-6025-4C8A-8E21-D3B54615ECDC}.Debug|Any CPU.ActiveCfg = Debug|Any CPU
		{FBAFD731-6025-4C8A-8E21-D3B54615ECDC}.Debug|Any CPU.Build.0 = Debug|Any CPU
		{FBAFD731-6025-4C8A-8E21-D3B54615ECDC}.Debug|x64.ActiveCfg = Debug|Any CPU
		{FBAFD731-6025-4C8A-8E21-D3B54615ECDC}.Debug|x64.Build.0 = Debug|Any CPU
		{FBAFD731-6025-4C8A-8E21-D3B54615ECDC}.Debug|x86.ActiveCfg = Debug|Any CPU
		{FBAFD731-6025-4C8A-8E21-D3B54615ECDC}.Debug|x86.Build.0 = Debug|Any CPU
		{FBAFD731-6025-4C8A-8E21-D3B54615ECDC}.Release|Any CPU.ActiveCfg = Release|Any CPU
		{FBAFD731-6025-4C8A-8E21-D3B54615ECDC}.Release|Any CPU.Build.0 = Release|Any CPU
		{FBAFD731-6025-4C8A-8E21-D3B54615ECDC}.Release|x64.ActiveCfg = Release|Any CPU
		{FBAFD731-6025-4C8A-8E21-D3B54615ECDC}.Release|x64.Build.0 = Release|Any CPU
		{FBAFD731-6025-4C8A-8E21-D3B54615ECDC}.Release|x86.ActiveCfg = Release|Any CPU
		{FBAFD731-6025-4C8A-8E21-D3B54615ECDC}.Release|x86.Build.0 = Release|Any CPU
		{2C9FA205-ADD3-4E55-964D-64D339FD67AF}.Debug|Any CPU.ActiveCfg = Debug|Any CPU
		{2C9FA205-ADD3-4E55-964D-64D339FD67AF}.Debug|Any CPU.Build.0 = Debug|Any CPU
		{2C9FA205-ADD3-4E55-964D-64D339FD67AF}.Debug|x64.ActiveCfg = Debug|Any CPU
		{2C9FA205-ADD3-4E55-964D-64D339FD67AF}.Debug|x64.Build.0 = Debug|Any CPU
		{2C9FA205-ADD3-4E55-964D-64D339FD67AF}.Debug|x86.ActiveCfg = Debug|Any CPU
		{2C9FA205-ADD3-4E55-964D-64D339FD67AF}.Debug|x86.Build.0 = Debug|Any CPU
		{2C9FA205-ADD3-4E55-964D-64D339FD67AF}.Release|Any CPU.ActiveCfg = Release|Any CPU
		{2C9FA205-ADD3-4E55-964D-64D339FD67AF}.Release|Any CPU.Build.0 = Release|Any CPU
		{2C9FA205-ADD3-4E55-964D-64D339FD67AF}.Release|x64.ActiveCfg = Release|Any CPU
		{2C9FA205-ADD3-4E55-964D-64D339FD67AF}.Release|x64.Build.0 = Release|Any CPU
		{2C9FA205-ADD3-4E55-964D-64D339FD67AF}.Release|x86.ActiveCfg = Release|Any CPU
		{2C9FA205-ADD3-4E55-964D-64D339FD67AF}.Release|x86.Build.0 = Release|Any CPU
		{BE5CBBA1-0208-43ED-AF9D-E00F02B187A2}.Debug|Any CPU.ActiveCfg = Debug|Any CPU
		{BE5CBBA1-0208-43ED-AF9D-E00F02B187A2}.Debug|Any CPU.Build.0 = Debug|Any CPU
		{BE5CBBA1-0208-43ED-AF9D-E00F02B187A2}.Debug|x64.ActiveCfg = Debug|Any CPU
		{BE5CBBA1-0208-43ED-AF9D-E00F02B187A2}.Debug|x64.Build.0 = Debug|Any CPU
		{BE5CBBA1-0208-43ED-AF9D-E00F02B187A2}.Debug|x86.ActiveCfg = Debug|Any CPU
		{BE5CBBA1-0208-43ED-AF9D-E00F02B187A2}.Debug|x86.Build.0 = Debug|Any CPU
		{BE5CBBA1-0208-43ED-AF9D-E00F02B187A2}.Release|Any CPU.ActiveCfg = Release|Any CPU
		{BE5CBBA1-0208-43ED-AF9D-E00F02B187A2}.Release|Any CPU.Build.0 = Release|Any CPU
		{BE5CBBA1-0208-43ED-AF9D-E00F02B187A2}.Release|x64.ActiveCfg = Release|Any CPU
		{BE5CBBA1-0208-43ED-AF9D-E00F02B187A2}.Release|x64.Build.0 = Release|Any CPU
		{BE5CBBA1-0208-43ED-AF9D-E00F02B187A2}.Release|x86.ActiveCfg = Release|Any CPU
		{BE5CBBA1-0208-43ED-AF9D-E00F02B187A2}.Release|x86.Build.0 = Release|Any CPU
		{F3D3760D-019C-4C9E-A54C-2D03D2D479A5}.Debug|Any CPU.ActiveCfg = Debug|Any CPU
		{F3D3760D-019C-4C9E-A54C-2D03D2D479A5}.Debug|Any CPU.Build.0 = Debug|Any CPU
		{F3D3760D-019C-4C9E-A54C-2D03D2D479A5}.Debug|x64.ActiveCfg = Debug|Any CPU
		{F3D3760D-019C-4C9E-A54C-2D03D2D479A5}.Debug|x64.Build.0 = Debug|Any CPU
		{F3D3760D-019C-4C9E-A54C-2D03D2D479A5}.Debug|x86.ActiveCfg = Debug|Any CPU
		{F3D3760D-019C-4C9E-A54C-2D03D2D479A5}.Debug|x86.Build.0 = Debug|Any CPU
		{F3D3760D-019C-4C9E-A54C-2D03D2D479A5}.Release|Any CPU.ActiveCfg = Release|Any CPU
		{F3D3760D-019C-4C9E-A54C-2D03D2D479A5}.Release|Any CPU.Build.0 = Release|Any CPU
		{F3D3760D-019C-4C9E-A54C-2D03D2D479A5}.Release|x64.ActiveCfg = Release|Any CPU
		{F3D3760D-019C-4C9E-A54C-2D03D2D479A5}.Release|x64.Build.0 = Release|Any CPU
		{F3D3760D-019C-4C9E-A54C-2D03D2D479A5}.Release|x86.ActiveCfg = Release|Any CPU
		{F3D3760D-019C-4C9E-A54C-2D03D2D479A5}.Release|x86.Build.0 = Release|Any CPU
		{8EDE456C-62C7-4476-902B-69A69ACBCA31}.Debug|Any CPU.ActiveCfg = Debug|Any CPU
		{8EDE456C-62C7-4476-902B-69A69ACBCA31}.Debug|Any CPU.Build.0 = Debug|Any CPU
		{8EDE456C-62C7-4476-902B-69A69ACBCA31}.Debug|x64.ActiveCfg = Debug|Any CPU
		{8EDE456C-62C7-4476-902B-69A69ACBCA31}.Debug|x64.Build.0 = Debug|Any CPU
		{8EDE456C-62C7-4476-902B-69A69ACBCA31}.Debug|x86.ActiveCfg = Debug|Any CPU
		{8EDE456C-62C7-4476-902B-69A69ACBCA31}.Debug|x86.Build.0 = Debug|Any CPU
		{8EDE456C-62C7-4476-902B-69A69ACBCA31}.Release|Any CPU.ActiveCfg = Release|Any CPU
		{8EDE456C-62C7-4476-902B-69A69ACBCA31}.Release|Any CPU.Build.0 = Release|Any CPU
		{8EDE456C-62C7-4476-902B-69A69ACBCA31}.Release|x64.ActiveCfg = Release|Any CPU
		{8EDE456C-62C7-4476-902B-69A69ACBCA31}.Release|x64.Build.0 = Release|Any CPU
		{8EDE456C-62C7-4476-902B-69A69ACBCA31}.Release|x86.ActiveCfg = Release|Any CPU
		{8EDE456C-62C7-4476-902B-69A69ACBCA31}.Release|x86.Build.0 = Release|Any CPU
		{B40E8F09-7D58-4ECD-B9A2-4E3300CAC278}.Debug|Any CPU.ActiveCfg = Debug|Any CPU
		{B40E8F09-7D58-4ECD-B9A2-4E3300CAC278}.Debug|Any CPU.Build.0 = Debug|Any CPU
		{B40E8F09-7D58-4ECD-B9A2-4E3300CAC278}.Debug|x64.ActiveCfg = Debug|Any CPU
		{B40E8F09-7D58-4ECD-B9A2-4E3300CAC278}.Debug|x64.Build.0 = Debug|Any CPU
		{B40E8F09-7D58-4ECD-B9A2-4E3300CAC278}.Debug|x86.ActiveCfg = Debug|Any CPU
		{B40E8F09-7D58-4ECD-B9A2-4E3300CAC278}.Debug|x86.Build.0 = Debug|Any CPU
		{B40E8F09-7D58-4ECD-B9A2-4E3300CAC278}.Release|Any CPU.ActiveCfg = Release|Any CPU
		{B40E8F09-7D58-4ECD-B9A2-4E3300CAC278}.Release|Any CPU.Build.0 = Release|Any CPU
		{B40E8F09-7D58-4ECD-B9A2-4E3300CAC278}.Release|x64.ActiveCfg = Release|Any CPU
		{B40E8F09-7D58-4ECD-B9A2-4E3300CAC278}.Release|x64.Build.0 = Release|Any CPU
		{B40E8F09-7D58-4ECD-B9A2-4E3300CAC278}.Release|x86.ActiveCfg = Release|Any CPU
		{B40E8F09-7D58-4ECD-B9A2-4E3300CAC278}.Release|x86.Build.0 = Release|Any CPU
		{9796BCB2-A646-48CE-BD84-E50C5CFFB21B}.Debug|Any CPU.ActiveCfg = Debug|Any CPU
		{9796BCB2-A646-48CE-BD84-E50C5CFFB21B}.Debug|Any CPU.Build.0 = Debug|Any CPU
		{9796BCB2-A646-48CE-BD84-E50C5CFFB21B}.Debug|x64.ActiveCfg = Debug|Any CPU
		{9796BCB2-A646-48CE-BD84-E50C5CFFB21B}.Debug|x64.Build.0 = Debug|Any CPU
		{9796BCB2-A646-48CE-BD84-E50C5CFFB21B}.Debug|x86.ActiveCfg = Debug|Any CPU
		{9796BCB2-A646-48CE-BD84-E50C5CFFB21B}.Debug|x86.Build.0 = Debug|Any CPU
		{9796BCB2-A646-48CE-BD84-E50C5CFFB21B}.Release|Any CPU.ActiveCfg = Release|Any CPU
		{9796BCB2-A646-48CE-BD84-E50C5CFFB21B}.Release|Any CPU.Build.0 = Release|Any CPU
		{9796BCB2-A646-48CE-BD84-E50C5CFFB21B}.Release|x64.ActiveCfg = Release|Any CPU
		{9796BCB2-A646-48CE-BD84-E50C5CFFB21B}.Release|x64.Build.0 = Release|Any CPU
		{9796BCB2-A646-48CE-BD84-E50C5CFFB21B}.Release|x86.ActiveCfg = Release|Any CPU
		{9796BCB2-A646-48CE-BD84-E50C5CFFB21B}.Release|x86.Build.0 = Release|Any CPU
		{33343AED-0265-4F3F-A450-AFA6EC6D266C}.Debug|Any CPU.ActiveCfg = Debug|Any CPU
		{33343AED-0265-4F3F-A450-AFA6EC6D266C}.Debug|Any CPU.Build.0 = Debug|Any CPU
		{33343AED-0265-4F3F-A450-AFA6EC6D266C}.Debug|x64.ActiveCfg = Debug|Any CPU
		{33343AED-0265-4F3F-A450-AFA6EC6D266C}.Debug|x64.Build.0 = Debug|Any CPU
		{33343AED-0265-4F3F-A450-AFA6EC6D266C}.Debug|x86.ActiveCfg = Debug|Any CPU
		{33343AED-0265-4F3F-A450-AFA6EC6D266C}.Debug|x86.Build.0 = Debug|Any CPU
		{33343AED-0265-4F3F-A450-AFA6EC6D266C}.Release|Any CPU.ActiveCfg = Release|Any CPU
		{33343AED-0265-4F3F-A450-AFA6EC6D266C}.Release|Any CPU.Build.0 = Release|Any CPU
		{33343AED-0265-4F3F-A450-AFA6EC6D266C}.Release|x64.ActiveCfg = Release|Any CPU
		{33343AED-0265-4F3F-A450-AFA6EC6D266C}.Release|x64.Build.0 = Release|Any CPU
		{33343AED-0265-4F3F-A450-AFA6EC6D266C}.Release|x86.ActiveCfg = Release|Any CPU
		{33343AED-0265-4F3F-A450-AFA6EC6D266C}.Release|x86.Build.0 = Release|Any CPU
		{ED2FBE6B-D8C6-4AB7-97A6-0335C5FAF931}.Debug|Any CPU.ActiveCfg = Debug|Any CPU
		{ED2FBE6B-D8C6-4AB7-97A6-0335C5FAF931}.Debug|Any CPU.Build.0 = Debug|Any CPU
		{ED2FBE6B-D8C6-4AB7-97A6-0335C5FAF931}.Debug|x64.ActiveCfg = Debug|Any CPU
		{ED2FBE6B-D8C6-4AB7-97A6-0335C5FAF931}.Debug|x64.Build.0 = Debug|Any CPU
		{ED2FBE6B-D8C6-4AB7-97A6-0335C5FAF931}.Debug|x86.ActiveCfg = Debug|Any CPU
		{ED2FBE6B-D8C6-4AB7-97A6-0335C5FAF931}.Debug|x86.Build.0 = Debug|Any CPU
		{ED2FBE6B-D8C6-4AB7-97A6-0335C5FAF931}.Release|Any CPU.ActiveCfg = Release|Any CPU
		{ED2FBE6B-D8C6-4AB7-97A6-0335C5FAF931}.Release|Any CPU.Build.0 = Release|Any CPU
		{ED2FBE6B-D8C6-4AB7-97A6-0335C5FAF931}.Release|x64.ActiveCfg = Release|Any CPU
		{ED2FBE6B-D8C6-4AB7-97A6-0335C5FAF931}.Release|x64.Build.0 = Release|Any CPU
		{ED2FBE6B-D8C6-4AB7-97A6-0335C5FAF931}.Release|x86.ActiveCfg = Release|Any CPU
		{ED2FBE6B-D8C6-4AB7-97A6-0335C5FAF931}.Release|x86.Build.0 = Release|Any CPU
		{22D4B36A-9ECB-44EA-8BE4-22F11B483B50}.Debug|Any CPU.ActiveCfg = Debug|Any CPU
		{22D4B36A-9ECB-44EA-8BE4-22F11B483B50}.Debug|Any CPU.Build.0 = Debug|Any CPU
		{22D4B36A-9ECB-44EA-8BE4-22F11B483B50}.Debug|x64.ActiveCfg = Debug|Any CPU
		{22D4B36A-9ECB-44EA-8BE4-22F11B483B50}.Debug|x64.Build.0 = Debug|Any CPU
		{22D4B36A-9ECB-44EA-8BE4-22F11B483B50}.Debug|x86.ActiveCfg = Debug|Any CPU
		{22D4B36A-9ECB-44EA-8BE4-22F11B483B50}.Debug|x86.Build.0 = Debug|Any CPU
		{22D4B36A-9ECB-44EA-8BE4-22F11B483B50}.Release|Any CPU.ActiveCfg = Release|Any CPU
		{22D4B36A-9ECB-44EA-8BE4-22F11B483B50}.Release|Any CPU.Build.0 = Release|Any CPU
		{22D4B36A-9ECB-44EA-8BE4-22F11B483B50}.Release|x64.ActiveCfg = Release|Any CPU
		{22D4B36A-9ECB-44EA-8BE4-22F11B483B50}.Release|x64.Build.0 = Release|Any CPU
		{22D4B36A-9ECB-44EA-8BE4-22F11B483B50}.Release|x86.ActiveCfg = Release|Any CPU
		{22D4B36A-9ECB-44EA-8BE4-22F11B483B50}.Release|x86.Build.0 = Release|Any CPU
	EndGlobalSection
	GlobalSection(SolutionProperties) = preSolution
		HideSolutionNode = FALSE
	EndGlobalSection
	GlobalSection(NestedProjects) = preSolution
		{F1F40B54-5AA2-4F0B-9B98-8FA9EAD523F8} = {D1DCC9D3-ACE9-4878-97E9-E308B13DB43D}
		{D2B5A3D5-7954-4253-A8D6-9095FA6A7371} = {D1DCC9D3-ACE9-4878-97E9-E308B13DB43D}
		{BFFEE782-29DE-44EE-A3F4-654A3B8CBB32} = {D1DCC9D3-ACE9-4878-97E9-E308B13DB43D}
		{328E1B64-6E0D-47D0-BA19-CA72BC738F9C} = {D1DCC9D3-ACE9-4878-97E9-E308B13DB43D}
		{D0B564D7-A3FD-4A72-A5E3-67F405CB7C62} = {D1DCC9D3-ACE9-4878-97E9-E308B13DB43D}
		{87B59E7D-53ED-4B04-B7CF-01824C53A762} = {D1DCC9D3-ACE9-4878-97E9-E308B13DB43D}
		{C31F63FC-4D10-4131-A2EC-E61B558625C7} = {D1DCC9D3-ACE9-4878-97E9-E308B13DB43D}
		{6385E21E-BEF3-4BCB-B6A6-9B7FB5640E49} = {D1DCC9D3-ACE9-4878-97E9-E308B13DB43D}
		{FF37FE6F-457F-4EA7-9483-2CD694FDB9DF} = {D1DCC9D3-ACE9-4878-97E9-E308B13DB43D}
		{50AB1F6A-FC2A-4334-9AEC-7555A28C57E4} = {D1DCC9D3-ACE9-4878-97E9-E308B13DB43D}
		{5267E5F3-13A7-47C1-9144-57212A41608D} = {D1DCC9D3-ACE9-4878-97E9-E308B13DB43D}
		{129BA531-4DD6-45EE-BFE9-CC98642E410B} = {D1DCC9D3-ACE9-4878-97E9-E308B13DB43D}
		{CE205E90-27F3-4453-9A2D-4222A57A9303} = {D1DCC9D3-ACE9-4878-97E9-E308B13DB43D}
		{54840E9D-E359-441F-9486-7C9420045252} = {D1DCC9D3-ACE9-4878-97E9-E308B13DB43D}
		{EE7FBC03-AF5E-4A3D-9606-179957E85089} = {D1DCC9D3-ACE9-4878-97E9-E308B13DB43D}
		{75ED3845-759B-4B0F-AC2F-C268F9AE3198} = {D1DCC9D3-ACE9-4878-97E9-E308B13DB43D}
		{D90DFC5D-3BDA-4775-9764-F60B23D5C376} = {D1DCC9D3-ACE9-4878-97E9-E308B13DB43D}
		{9E9D8229-A19A-401D-B56E-9D4C08B6F9EC} = {D1DCC9D3-ACE9-4878-97E9-E308B13DB43D}
		{526CC9CB-36E6-49C5-8D1E-4313E5E6BB69} = {D1DCC9D3-ACE9-4878-97E9-E308B13DB43D}
		{AA0D424C-5D49-4C2B-8B2D-38AF2D3EB0D0} = {D1DCC9D3-ACE9-4878-97E9-E308B13DB43D}
		{F286CF99-296B-43A6-8F3B-C1DAB5A2F0E2} = {D1DCC9D3-ACE9-4878-97E9-E308B13DB43D}
		{20B5FA65-4D7F-4D10-9AB3-0A815D0F8285} = {D1DCC9D3-ACE9-4878-97E9-E308B13DB43D}
		{5297DEEB-C314-4296-B612-3291C6746E46} = {D1DCC9D3-ACE9-4878-97E9-E308B13DB43D}
		{FB55C21E-4A29-4D90-90B3-B03F0AF7FD76} = {D1DCC9D3-ACE9-4878-97E9-E308B13DB43D}
		{AB6A6C0D-1D9D-40E3-9BA0-3E8EF7491669} = {D1DCC9D3-ACE9-4878-97E9-E308B13DB43D}
		{FEBF12A3-53C0-47D0-9797-9B29291285EA} = {D1DCC9D3-ACE9-4878-97E9-E308B13DB43D}
		{9BD87ECF-229F-4018-A467-9C7F83F8B914} = {D1DCC9D3-ACE9-4878-97E9-E308B13DB43D}
		{2EBA1C9B-6911-4366-929F-11103667D1CF} = {D1DCC9D3-ACE9-4878-97E9-E308B13DB43D}
		{22862C9C-F587-4297-B1E7-DBA95FA0C396} = {D1DCC9D3-ACE9-4878-97E9-E308B13DB43D}
		{FBAFD731-6025-4C8A-8E21-D3B54615ECDC} = {D1DCC9D3-ACE9-4878-97E9-E308B13DB43D}
		{2C9FA205-ADD3-4E55-964D-64D339FD67AF} = {D1DCC9D3-ACE9-4878-97E9-E308B13DB43D}
		{BE5CBBA1-0208-43ED-AF9D-E00F02B187A2} = {D1DCC9D3-ACE9-4878-97E9-E308B13DB43D}
		{F3D3760D-019C-4C9E-A54C-2D03D2D479A5} = {D1DCC9D3-ACE9-4878-97E9-E308B13DB43D}
		{8EDE456C-62C7-4476-902B-69A69ACBCA31} = {D1DCC9D3-ACE9-4878-97E9-E308B13DB43D}
		{B40E8F09-7D58-4ECD-B9A2-4E3300CAC278} = {D1DCC9D3-ACE9-4878-97E9-E308B13DB43D}
		{9796BCB2-A646-48CE-BD84-E50C5CFFB21B} = {D1DCC9D3-ACE9-4878-97E9-E308B13DB43D}
		{33343AED-0265-4F3F-A450-AFA6EC6D266C} = {D1DCC9D3-ACE9-4878-97E9-E308B13DB43D}
		{ED2FBE6B-D8C6-4AB7-97A6-0335C5FAF931} = {D1DCC9D3-ACE9-4878-97E9-E308B13DB43D}
		{22D4B36A-9ECB-44EA-8BE4-22F11B483B50} = {D1DCC9D3-ACE9-4878-97E9-E308B13DB43D}
	EndGlobalSection
	GlobalSection(ExtensibilityGlobals) = postSolution
		SolutionGuid = {8F0E7FB1-3A83-4151-B5A3-6FC76713C2B3}
	EndGlobalSection
EndGlobal
